
Microsoft Visual Studio Solution File, Format Version 12.00
# Visual Studio Version 17
VisualStudioVersion = 17.8.34330.188
MinimumVisualStudioVersion = 10.0.40219.1
Project("{888888A0-9F3D-457C-B088-3A5042F75D52}") = "Kodutoo print.input", "Kodutoo print.input.pyproj", "{79634A25-37B9-47EF-A2AE-336A369675F3}"
EndProject
Project("{2150E333-8FDC-42A3-9474-1A3956D46DE8}") = "Solution Items", "Solution Items", "{32AA60B2-0A7E-4512-9ABD-A30C64B0F647}"
EndProject
Global
	GlobalSection(SolutionConfigurationPlatforms) = preSolution
		Debug|Any CPU = Debug|Any CPU
		Release|Any CPU = Release|Any CPU
	EndGlobalSection
	GlobalSection(ProjectConfigurationPlatforms) = postSolution
		{79634A25-37B9-47EF-A2AE-336A369675F3}.Debug|Any CPU.ActiveCfg = Debug|Any CPU
		{79634A25-37B9-47EF-A2AE-336A369675F3}.Release|Any CPU.ActiveCfg = Release|Any CPU
	EndGlobalSection
	GlobalSection(SolutionProperties) = preSolution
		HideSolutionNode = FALSE
	EndGlobalSection
	GlobalSection(ExtensibilityGlobals) = postSolution
		SolutionGuid = {79167032-D5C2-4929-9658-EECBC091C36B}
	EndGlobalSection
EndGlobal
